
Microsoft Visual Studio Solution File, Format Version 12.00
# Visual Studio Version 16
VisualStudioVersion = 16.0.31729.503
MinimumVisualStudioVersion = 10.0.40219.1
Project("{FAE04EC0-301F-11D3-BF4B-00C04F79EFBC}") = "OOP Lesson 5.1", "OOP Lesson 5.1\OOP Lesson 5.1.csproj", "{D2628D5B-AAAD-407F-972D-27565975B233}"
EndProject
Project("{2150E333-8FDC-42A3-9474-1A3956D46DE8}") = "Solution Items", "Solution Items", "{2E7146DB-C601-4B5F-BCFB-6651623AB80E}"
	ProjectSection(SolutionItems) = preProject
		.editorconfig = .editorconfig
	EndProjectSection
EndProject
Global
	GlobalSection(SolutionConfigurationPlatforms) = preSolution
		Debug|Any CPU = Debug|Any CPU
		Release|Any CPU = Release|Any CPU
	EndGlobalSection
	GlobalSection(ProjectConfigurationPlatforms) = postSolution
		{D2628D5B-AAAD-407F-972D-27565975B233}.Debug|Any CPU.ActiveCfg = Debug|Any CPU
		{D2628D5B-AAAD-407F-972D-27565975B233}.Debug|Any CPU.Build.0 = Debug|Any CPU
		{D2628D5B-AAAD-407F-972D-27565975B233}.Release|Any CPU.ActiveCfg = Release|Any CPU
		{D2628D5B-AAAD-407F-972D-27565975B233}.Release|Any CPU.Build.0 = Release|Any CPU
	EndGlobalSection
	GlobalSection(SolutionProperties) = preSolution
		HideSolutionNode = FALSE
	EndGlobalSection
	GlobalSection(ExtensibilityGlobals) = postSolution
		SolutionGuid = {72D63ED4-60DE-4E1A-9ECF-6C6D4956D0D3}
	EndGlobalSection
EndGlobal
